
Microsoft Visual Studio Solution File, Format Version 12.00
# Visual Studio 14
VisualStudioVersion = 14.0.25420.1
MinimumVisualStudioVersion = 10.0.40219.1
Project("{FAE04EC0-301F-11D3-BF4B-00C04F79EFBC}") = "skill_editer", "skill_editer\skill_editer.csproj", "{83DA742E-FAA7-4BC8-A2FB-BB924BE4D871}"
EndProject
Global
	GlobalSection(SolutionConfigurationPlatforms) = preSolution
		Debug|Any CPU = Debug|Any CPU
		Release|Any CPU = Release|Any CPU
	EndGlobalSection
	GlobalSection(ProjectConfigurationPlatforms) = postSolution
		{83DA742E-FAA7-4BC8-A2FB-BB924BE4D871}.Debug|Any CPU.ActiveCfg = Debug|Any CPU
		{83DA742E-FAA7-4BC8-A2FB-BB924BE4D871}.Debug|Any CPU.Build.0 = Debug|Any CPU
		{83DA742E-FAA7-4BC8-A2FB-BB924BE4D871}.Release|Any CPU.ActiveCfg = Release|Any CPU
		{83DA742E-FAA7-4BC8-A2FB-BB924BE4D871}.Release|Any CPU.Build.0 = Release|Any CPU
	EndGlobalSection
	GlobalSection(SolutionProperties) = preSolution
		HideSolutionNode = FALSE
	EndGlobalSection
EndGlobal
